
Microsoft Visual Studio Solution File, Format Version 12.00
# Visual Studio 15
VisualStudioVersion = 15.0.28307.438
MinimumVisualStudioVersion = 10.0.40219.1
Project("{FAE04EC0-301F-11D3-BF4B-00C04F79EFBC}") = "Proyecompania", "Proyecompania\Proyecompania.csproj", "{77E09E56-BE3B-4F59-A1A0-2DF4F7333C20}"
EndProject
Global
	GlobalSection(SolutionConfigurationPlatforms) = preSolution
		Debug|Any CPU = Debug|Any CPU
		Release|Any CPU = Release|Any CPU
	EndGlobalSection
	GlobalSection(ProjectConfigurationPlatforms) = postSolution
		{77E09E56-BE3B-4F59-A1A0-2DF4F7333C20}.Debug|Any CPU.ActiveCfg = Debug|Any CPU
		{77E09E56-BE3B-4F59-A1A0-2DF4F7333C20}.Debug|Any CPU.Build.0 = Debug|Any CPU
		{77E09E56-BE3B-4F59-A1A0-2DF4F7333C20}.Release|Any CPU.ActiveCfg = Release|Any CPU
		{77E09E56-BE3B-4F59-A1A0-2DF4F7333C20}.Release|Any CPU.Build.0 = Release|Any CPU
	EndGlobalSection
	GlobalSection(SolutionProperties) = preSolution
		HideSolutionNode = FALSE
	EndGlobalSection
	GlobalSection(ExtensibilityGlobals) = postSolution
		SolutionGuid = {333D2C41-F4CE-472A-9EB8-57F6D1DB70B0}
	EndGlobalSection
EndGlobal
